

[[package]]
name = "pendulum"
version = "1.2.0"
checksum = [ "sha256:a97e3ed9557ac0c5c3742f21fa4d852d7a050dd9b1b517e993aebef2dd2eea52", "sha256:641140a05f959b37a177866e263f6f53a53b711fae6355336ee832ec1a59da8a",]
category = "main"
[[package]]
name = "pytest"
version = "3.0.7"
checksum = [ "sha256:66f332ae62593b874a648b10a8cb106bfdacd2c6288ed7dec3713c3a808a6017", "sha256:b70696ebd1a5e6b627e7e3ac1365a4bc60aaf3495e843c1e70448966c5224cab",]
category = "main"
[root]
name = "pypoet"
version = "0.1.2"
